<?xml version="1.0" encoding="UTF-8"?>
<Scheme LastUpgradeVersion="2630" version="1.3">
   <BuildAction parallelizeBuildables="YES" buildImplicitDependencies="YES">
      <BuildActionEntries>
         <BuildActionEntry buildForTesting="YES" buildForRunning="YES" buildForProfiling="YES" buildForArchiving="YES" buildForAnalyzing="YES">
            <BuildableReference BuildableIdentifier="primary" BlueprintIdentifier="D3CE5C272F9731D300AF6AAE" BuildableName="C2_connecting app.app" BlueprintName="C2_connecting app" ReferencedContainer="container:C2_connecting app.xcodeproj"/>
         </BuildActionEntry>
         <BuildActionEntry buildForTesting="YES" buildForRunning="NO" buildForProfiling="NO" buildForArchiving="NO" buildForAnalyzing="YES">
            <BuildableReference BuildableIdentifier="primary" BlueprintIdentifier="E26000010000000000000005" BuildableName="NaldamTests.xctest" BlueprintName="NaldamTests" ReferencedContainer="container:C2_connecting app.xcodeproj"/>
         </BuildActionEntry>
         <BuildActionEntry buildForTesting="YES" buildForRunning="NO" buildForProfiling="NO" buildForArchiving="NO" buildForAnalyzing="YES">
            <BuildableReference BuildableIdentifier="primary" BlueprintIdentifier="E26000020000000000000005" BuildableName="NaldamUITests.xctest" BlueprintName="NaldamUITests" ReferencedContainer="container:C2_connecting app.xcodeproj"/>
         </BuildActionEntry>
      </BuildActionEntries>
   </BuildAction>
   <TestAction buildConfiguration="Debug" selectedDebuggerIdentifier="Xcode.DebuggerFoundation.Debugger.LLDB" selectedLauncherIdentifier="Xcode.IDEFoundation.Launcher.LLDB" shouldUseLaunchSchemeArgsEnv="YES">
      <Testables>
         <TestableReference skipped="NO" parallelizable="NO">
            <BuildableReference BuildableIdentifier="primary" BlueprintIdentifier="E26000010000000000000005" BuildableName="NaldamTests.xctest" BlueprintName="NaldamTests" ReferencedContainer="container:C2_connecting app.xcodeproj"/>
         </TestableReference>
         <TestableReference skipped="NO" parallelizable="NO">
            <BuildableReference BuildableIdentifier="primary" BlueprintIdentifier="E26000020000000000000005" BuildableName="NaldamUITests.xctest" BlueprintName="NaldamUITests" ReferencedContainer="container:C2_connecting app.xcodeproj"/>
         </TestableReference>
      </Testables>
      <MacroExpansion>
         <BuildableReference BuildableIdentifier="primary" BlueprintIdentifier="D3CE5C272F9731D300AF6AAE" BuildableName="C2_connecting app.app" BlueprintName="C2_connecting app" ReferencedContainer="container:C2_connecting app.xcodeproj"/>
      </MacroExpansion>
   </TestAction>
   <LaunchAction buildConfiguration="Debug" selectedDebuggerIdentifier="Xcode.DebuggerFoundation.Debugger.LLDB" selectedLauncherIdentifier="Xcode.IDEFoundation.Launcher.LLDB" launchStyle="0" useCustomWorkingDirectory="NO" ignoresPersistentStateOnLaunch="NO" debugDocumentVersioning="YES" debugServiceExtension="internal" allowLocationSimulation="YES">
      <BuildableProductRunnable runnableDebuggingMode="0">
         <BuildableReference BuildableIdentifier="primary" BlueprintIdentifier="D3CE5C272F9731D300AF6AAE" BuildableName="C2_connecting app.app" BlueprintName="C2_connecting app" ReferencedContainer="container:C2_connecting app.xcodeproj"/>
      </BuildableProductRunnable>
   </LaunchAction>
   <ProfileAction buildConfiguration="Release" shouldUseLaunchSchemeArgsEnv="YES" savedToolIdentifier="" useCustomWorkingDirectory="NO" debugDocumentVersioning="YES">
      <BuildableProductRunnable runnableDebuggingMode="0">
         <BuildableReference BuildableIdentifier="primary" BlueprintIdentifier="D3CE5C272F9731D300AF6AAE" BuildableName="C2_connecting app.app" BlueprintName="C2_connecting app" ReferencedContainer="container:C2_connecting app.xcodeproj"/>
      </BuildableProductRunnable>
   </ProfileAction>
   <AnalyzeAction buildConfiguration="Debug"/>
   <ArchiveAction buildConfiguration="Release" revealArchiveInOrganizer="YES"/>
</Scheme>
